// !$*UTF8*$!
{
	archiveVersion = 1;
	classes = {
	};
	objectVersion = 46;
	objects = {

/* Begin PBXBuildFile section */
		18E3467E183DF54400C9D89D /* Foundation.framework in Frameworks */ = {isa = PBXBuildFile; fileRef = 18E3467D183DF54400C9D89D /* Foundation.framework */; };
		18E34680183DF54400C9D89D /* CoreGraphics.framework in Frameworks */ = {isa = PBXBuildFile; fileRef = 18E3467F183DF54400C9D89D /* CoreGraphics.framework */; };
		18E34682183DF54400C9D89D /* UIKit.framework in Frameworks */ = {isa = PBXBuildFile; fileRef = 18E34681183DF54400C9D89D /* UIKit.framework */; };
		18E34684183DF54400C9D89D /* CoreData.framework in Frameworks */ = {isa = PBXBuildFile; fileRef = 18E34683183DF54400C9D89D /* CoreData.framework */; };
		18E3468A183DF54400C9D89D /* InfoPlist.strings in Resources */ = {isa = PBXBuildFile; fileRef = 18E34688183DF54400C9D89D /* InfoPlist.strings */; };
		18E3468C183DF54400C9D89D /* main.m in Sources */ = {isa = PBXBuildFile; fileRef = 18E3468B183DF54400C9D89D /* main.m */; };
		18E34690183DF54400C9D89D /* EZAppDelegate.mm in Sources */ = {isa = PBXBuildFile; fileRef = 18E3468F183DF54400C9D89D /* EZAppDelegate.mm */; };
		18E34693183DF54400C9D89D /* FeatherCV.xcdatamodeld in Sources */ = {isa = PBXBuildFile; fileRef = 18E34691183DF54400C9D89D /* FeatherCV.xcdatamodeld */; };
		18E34695183DF54400C9D89D /* Images.xcassets in Resources */ = {isa = PBXBuildFile; fileRef = 18E34694183DF54400C9D89D /* Images.xcassets */; };
		18E3469C183DF54500C9D89D /* XCTest.framework in Frameworks */ = {isa = PBXBuildFile; fileRef = 18E3469B183DF54500C9D89D /* XCTest.framework */; };
		18E3469D183DF54500C9D89D /* Foundation.framework in Frameworks */ = {isa = PBXBuildFile; fileRef = 18E3467D183DF54400C9D89D /* Foundation.framework */; };
		18E3469E183DF54500C9D89D /* UIKit.framework in Frameworks */ = {isa = PBXBuildFile; fileRef = 18E34681183DF54400C9D89D /* UIKit.framework */; };
		18E3469F183DF54500C9D89D /* CoreData.framework in Frameworks */ = {isa = PBXBuildFile; fileRef = 18E34683183DF54400C9D89D /* CoreData.framework */; };
		18E346A7183DF54500C9D89D /* InfoPlist.strings in Resources */ = {isa = PBXBuildFile; fileRef = 18E346A5183DF54500C9D89D /* InfoPlist.strings */; };
		18E346A9183DF54500C9D89D /* FeatherCVTests.m in Sources */ = {isa = PBXBuildFile; fileRef = 18E346A8183DF54500C9D89D /* FeatherCVTests.m */; };
		18E346BD183DF5F400C9D89D /* opencv2.framework in Frameworks */ = {isa = PBXBuildFile; fileRef = 18E346BC183DF5F400C9D89D /* opencv2.framework */; };
		18E346C1183DF69800C9D89D /* AssetsLibrary.framework in Frameworks */ = {isa = PBXBuildFile; fileRef = 18E346C0183DF69800C9D89D /* AssetsLibrary.framework */; };
		18E346C3183DF69E00C9D89D /* AVFoundation.framework in Frameworks */ = {isa = PBXBuildFile; fileRef = 18E346C2183DF69E00C9D89D /* AVFoundation.framework */; };
		18E346C5183DF6A600C9D89D /* CFNetwork.framework in Frameworks */ = {isa = PBXBuildFile; fileRef = 18E346C4183DF6A600C9D89D /* CFNetwork.framework */; };
		18E346C7183DF6AF00C9D89D /* CoreImage.framework in Frameworks */ = {isa = PBXBuildFile; fileRef = 18E346C6183DF6AF00C9D89D /* CoreImage.framework */; };
		18E346C9183DF6B700C9D89D /* CoreLocation.framework in Frameworks */ = {isa = PBXBuildFile; fileRef = 18E346C8183DF6B700C9D89D /* CoreLocation.framework */; };
		18E346CB183DF6C400C9D89D /* CoreMedia.framework in Frameworks */ = {isa = PBXBuildFile; fileRef = 18E346CA183DF6C400C9D89D /* CoreMedia.framework */; };
		18E346CD183DF6D700C9D89D /* GLKit.framework in Frameworks */ = {isa = PBXBuildFile; fileRef = 18E346CC183DF6D600C9D89D /* GLKit.framework */; };
		18E346CF183DF6EB00C9D89D /* OpenGLES.framework in Frameworks */ = {isa = PBXBuildFile; fileRef = 18E346CE183DF6EB00C9D89D /* OpenGLES.framework */; };
		18E346D1183DF6FD00C9D89D /* QuartzCore.framework in Frameworks */ = {isa = PBXBuildFile; fileRef = 18E346D0183DF6FD00C9D89D /* QuartzCore.framework */; };
		18E346D2183DF7EE00C9D89D /* libGPUImage.a in Frameworks */ = {isa = PBXBuildFile; fileRef = 18E346B9183DF5D500C9D89D /* libGPUImage.a */; };
/* End PBXBuildFile section */

/* Begin PBXContainerItemProxy section */
		18E346A0183DF54500C9D89D /* PBXContainerItemProxy */ = {
			isa = PBXContainerItemProxy;
			containerPortal = 18E34672183DF54400C9D89D /* Project object */;
			proxyType = 1;
			remoteGlobalIDString = 18E34679183DF54400C9D89D;
			remoteInfo = FeatherCV;
		};
		18E346B8183DF5D500C9D89D /* PBXContainerItemProxy */ = {
			isa = PBXContainerItemProxy;
			containerPortal = 18E346B2183DF5CE00C9D89D /* GPUImage.xcodeproj */;
			proxyType = 2;
			remoteGlobalIDString = BCF1A33414DDB1EC00852800;
			remoteInfo = GPUImage;
		};
		18E346BA183DF5D500C9D89D /* PBXContainerItemProxy */ = {
			isa = PBXContainerItemProxy;
			containerPortal = 18E346B2183DF5CE00C9D89D /* GPUImage.xcodeproj */;
			proxyType = 2;
			remoteGlobalIDString = BCF1A34414DDB1EC00852800;
			remoteInfo = GPUImageTests;
		};
		18E346BE183DF68900C9D89D /* PBXContainerItemProxy */ = {
			isa = PBXContainerItemProxy;
			containerPortal = 18E346B2183DF5CE00C9D89D /* GPUImage.xcodeproj */;
			proxyType = 1;
			remoteGlobalIDString = BCF1A33314DDB1EC00852800;
			remoteInfo = GPUImage;
		};
/* End PBXContainerItemProxy section */

/* Begin PBXFileReference section */
		18E3467A183DF54400C9D89D /* FeatherCV.app */ = {isa = PBXFileReference; explicitFileType = wrapper.application; includeInIndex = 0; path = FeatherCV.app; sourceTree = BUILT_PRODUCTS_DIR; };
		18E3467D183DF54400C9D89D /* Foundation.framework */ = {isa = PBXFileReference; lastKnownFileType = wrapper.framework; name = Foundation.framework; path = System/Library/Frameworks/Foundation.framework; sourceTree = SDKROOT; };
		18E3467F183DF54400C9D89D /* CoreGraphics.framework */ = {isa = PBXFileReference; lastKnownFileType = wrapper.framework; name = CoreGraphics.framework; path = System/Library/Frameworks/CoreGraphics.framework; sourceTree = SDKROOT; };
		18E34681183DF54400C9D89D /* UIKit.framework */ = {isa = PBXFileReference; lastKnownFileType = wrapper.framework; name = UIKit.framework; path = System/Library/Frameworks/UIKit.framework; sourceTree = SDKROOT; };
		18E34683183DF54400C9D89D /* CoreData.framework */ = {isa = PBXFileReference; lastKnownFileType = wrapper.framework; name = CoreData.framework; path = System/Library/Frameworks/CoreData.framework; sourceTree = SDKROOT; };
		18E34687183DF54400C9D89D /* FeatherCV-Info.plist */ = {isa = PBXFileReference; lastKnownFileType = text.plist.xml; path = "FeatherCV-Info.plist"; sourceTree = "<group>"; };
		18E34689183DF54400C9D89D /* en */ = {isa = PBXFileReference; lastKnownFileType = text.plist.strings; name = en; path = en.lproj/InfoPlist.strings; sourceTree = "<group>"; };
		18E3468B183DF54400C9D89D /* main.m */ = {isa = PBXFileReference; lastKnownFileType = sourcecode.c.objc; path = main.m; sourceTree = "<group>"; };
		18E3468D183DF54400C9D89D /* FeatherCV-Prefix.pch */ = {isa = PBXFileReference; lastKnownFileType = sourcecode.c.h; path = "FeatherCV-Prefix.pch"; sourceTree = "<group>"; };
		18E3468E183DF54400C9D89D /* EZAppDelegate.h */ = {isa = PBXFileReference; lastKnownFileType = sourcecode.c.h; path = EZAppDelegate.h; sourceTree = "<group>"; };
		18E3468F183DF54400C9D89D /* EZAppDelegate.mm */ = {isa = PBXFileReference; lastKnownFileType = sourcecode.cpp.objcpp; path = EZAppDelegate.mm; sourceTree = "<group>"; };
		18E34692183DF54400C9D89D /* FeatherCV.xcdatamodel */ = {isa = PBXFileReference; lastKnownFileType = wrapper.xcdatamodel; path = FeatherCV.xcdatamodel; sourceTree = "<group>"; };
		18E34694183DF54400C9D89D /* Images.xcassets */ = {isa = PBXFileReference; lastKnownFileType = folder.assetcatalog; path = Images.xcassets; sourceTree = "<group>"; };
		18E3469A183DF54500C9D89D /* FeatherCVTests.xctest */ = {isa = PBXFileReference; explicitFileType = wrapper.cfbundle; includeInIndex = 0; path = FeatherCVTests.xctest; sourceTree = BUILT_PRODUCTS_DIR; };
		18E3469B183DF54500C9D89D /* XCTest.framework */ = {isa = PBXFileReference; lastKnownFileType = wrapper.framework; name = XCTest.framework; path = Library/Frameworks/XCTest.framework; sourceTree = DEVELOPER_DIR; };
		18E346A4183DF54500C9D89D /* FeatherCVTests-Info.plist */ = {isa = PBXFileReference; lastKnownFileType = text.plist.xml; path = "FeatherCVTests-Info.plist"; sourceTree = "<group>"; };
		18E346A6183DF54500C9D89D /* en */ = {isa = PBXFileReference; lastKnownFileType = text.plist.strings; name = en; path = en.lproj/InfoPlist.strings; sourceTree = "<group>"; };
		18E346A8183DF54500C9D89D /* FeatherCVTests.m */ = {isa = PBXFileReference; lastKnownFileType = sourcecode.c.objc; path = FeatherCVTests.m; sourceTree = "<group>"; };
		18E346B2183DF5CE00C9D89D /* GPUImage.xcodeproj */ = {isa = PBXFileReference; lastKnownFileType = "wrapper.pb-project"; name = GPUImage.xcodeproj; path = ../../Documents/GPUImageFeatherCV/framework/GPUImage.xcodeproj; sourceTree = "<group>"; };
		18E346BC183DF5F400C9D89D /* opencv2.framework */ = {isa = PBXFileReference; lastKnownFileType = wrapper.framework; path = opencv2.framework; sourceTree = "<group>"; };
		18E346C0183DF69800C9D89D /* AssetsLibrary.framework */ = {isa = PBXFileReference; lastKnownFileType = wrapper.framework; name = AssetsLibrary.framework; path = System/Library/Frameworks/AssetsLibrary.framework; sourceTree = SDKROOT; };
		18E346C2183DF69E00C9D89D /* AVFoundation.framework */ = {isa = PBXFileReference; lastKnownFileType = wrapper.framework; name = AVFoundation.framework; path = System/Library/Frameworks/AVFoundation.framework; sourceTree = SDKROOT; };
		18E346C4183DF6A600C9D89D /* CFNetwork.framework */ = {isa = PBXFileReference; lastKnownFileType = wrapper.framework; name = CFNetwork.framework; path = System/Library/Frameworks/CFNetwork.framework; sourceTree = SDKROOT; };
		18E346C6183DF6AF00C9D89D /* CoreImage.framework */ = {isa = PBXFileReference; lastKnownFileType = wrapper.framework; name = CoreImage.framework; path = System/Library/Frameworks/CoreImage.framework; sourceTree = SDKROOT; };
		18E346C8183DF6B700C9D89D /* CoreLocation.framework */ = {isa = PBXFileReference; lastKnownFileType = wrapper.framework; name = CoreLocation.framework; path = System/Library/Frameworks/CoreLocation.framework; sourceTree = SDKROOT; };
		18E346CA183DF6C400C9D89D /* CoreMedia.framework */ = {isa = PBXFileReference; lastKnownFileType = wrapper.framework; name = CoreMedia.framework; path = System/Library/Frameworks/CoreMedia.framework; sourceTree = SDKROOT; };
		18E346CC183DF6D600C9D89D /* GLKit.framework */ = {isa = PBXFileReference; lastKnownFileType = wrapper.framework; name = GLKit.framework; path = System/Library/Frameworks/GLKit.framework; sourceTree = SDKROOT; };
		18E346CE183DF6EB00C9D89D /* OpenGLES.framework */ = {isa = PBXFileReference; lastKnownFileType = wrapper.framework; name = OpenGLES.framework; path = System/Library/Frameworks/OpenGLES.framework; sourceTree = SDKROOT; };
		18E346D0183DF6FD00C9D89D /* QuartzCore.framework */ = {isa = PBXFileReference; lastKnownFileType = wrapper.framework; name = QuartzCore.framework; path = System/Library/Frameworks/QuartzCore.framework; sourceTree = SDKROOT; };
/* End PBXFileReference section */

/* Begin PBXFrameworksBuildPhase section */
		18E34677183DF54400C9D89D /* Frameworks */ = {
			isa = PBXFrameworksBuildPhase;
			buildActionMask = 2147483647;
			files = (
				18E346D2183DF7EE00C9D89D /* libGPUImage.a in Frameworks */,
				18E346D1183DF6FD00C9D89D /* QuartzCore.framework in Frameworks */,
				18E346CF183DF6EB00C9D89D /* OpenGLES.framework in Frameworks */,
				18E346CD183DF6D700C9D89D /* GLKit.framework in Frameworks */,
				18E346CB183DF6C400C9D89D /* CoreMedia.framework in Frameworks */,
				18E346C9183DF6B700C9D89D /* CoreLocation.framework in Frameworks */,
				18E346C7183DF6AF00C9D89D /* CoreImage.framework in Frameworks */,
				18E346C5183DF6A600C9D89D /* CFNetwork.framework in Frameworks */,
				18E346C3183DF69E00C9D89D /* AVFoundation.framework in Frameworks */,
				18E346C1183DF69800C9D89D /* AssetsLibrary.framework in Frameworks */,
				18E34680183DF54400C9D89D /* CoreGraphics.framework in Frameworks */,
				18E34684183DF54400C9D89D /* CoreData.framework in Frameworks */,
				18E34682183DF54400C9D89D /* UIKit.framework in Frameworks */,
				18E3467E183DF54400C9D89D /* Foundation.framework in Frameworks */,
				18E346BD183DF5F400C9D89D /* opencv2.framework in Frameworks */,
			);
			runOnlyForDeploymentPostprocessing = 0;
		};
		18E34697183DF54500C9D89D /* Frameworks */ = {
			isa = PBXFrameworksBuildPhase;
			buildActionMask = 2147483647;
			files = (
				18E3469C183DF54500C9D89D /* XCTest.framework in Frameworks */,
				18E3469F183DF54500C9D89D /* CoreData.framework in Frameworks */,
				18E3469E183DF54500C9D89D /* UIKit.framework in Frameworks */,
				18E3469D183DF54500C9D89D /* Foundation.framework in Frameworks */,
			);
			runOnlyForDeploymentPostprocessing = 0;
		};
/* End PBXFrameworksBuildPhase section */

/* Begin PBXGroup section */
		18E34671183DF54400C9D89D = {
			isa = PBXGroup;
			children = (
				18E34685183DF54400C9D89D /* FeatherCV */,
				18E346A2183DF54500C9D89D /* FeatherCVTests */,
				18E3467C183DF54400C9D89D /* Frameworks */,
				18E3467B183DF54400C9D89D /* Products */,
			);
			sourceTree = "<group>";
		};
		18E3467B183DF54400C9D89D /* Products */ = {
			isa = PBXGroup;
			children = (
				18E3467A183DF54400C9D89D /* FeatherCV.app */,
				18E3469A183DF54500C9D89D /* FeatherCVTests.xctest */,
			);
			name = Products;
			sourceTree = "<group>";
		};
		18E3467C183DF54400C9D89D /* Frameworks */ = {
			isa = PBXGroup;
			children = (
				18E346D0183DF6FD00C9D89D /* QuartzCore.framework */,
				18E346CE183DF6EB00C9D89D /* OpenGLES.framework */,
				18E346CC183DF6D600C9D89D /* GLKit.framework */,
				18E346CA183DF6C400C9D89D /* CoreMedia.framework */,
				18E346C8183DF6B700C9D89D /* CoreLocation.framework */,
				18E346C6183DF6AF00C9D89D /* CoreImage.framework */,
				18E346C4183DF6A600C9D89D /* CFNetwork.framework */,
				18E346C2183DF69E00C9D89D /* AVFoundation.framework */,
				18E346C0183DF69800C9D89D /* AssetsLibrary.framework */,
				18E346BC183DF5F400C9D89D /* opencv2.framework */,
				18E346B2183DF5CE00C9D89D /* GPUImage.xcodeproj */,
				18E3467D183DF54400C9D89D /* Foundation.framework */,
				18E3467F183DF54400C9D89D /* CoreGraphics.framework */,
				18E34681183DF54400C9D89D /* UIKit.framework */,
				18E34683183DF54400C9D89D /* CoreData.framework */,
				18E3469B183DF54500C9D89D /* XCTest.framework */,
			);
			name = Frameworks;
			sourceTree = "<group>";
		};
		18E34685183DF54400C9D89D /* FeatherCV */ = {
			isa = PBXGroup;
			children = (
				18E3468E183DF54400C9D89D /* EZAppDelegate.h */,
				18E3468F183DF54400C9D89D /* EZAppDelegate.mm */,
				18E34694183DF54400C9D89D /* Images.xcassets */,
				18E34691183DF54400C9D89D /* FeatherCV.xcdatamodeld */,
				18E34686183DF54400C9D89D /* Supporting Files */,
			);
			path = FeatherCV;
			sourceTree = "<group>";
		};
		18E34686183DF54400C9D89D /* Supporting Files */ = {
			isa = PBXGroup;
			children = (
				18E34687183DF54400C9D89D /* FeatherCV-Info.plist */,
				18E34688183DF54400C9D89D /* InfoPlist.strings */,
				18E3468B183DF54400C9D89D /* main.m */,
				18E3468D183DF54400C9D89D /* FeatherCV-Prefix.pch */,
			);
			name = "Supporting Files";
			sourceTree = "<group>";
		};
		18E346A2183DF54500C9D89D /* FeatherCVTests */ = {
			isa = PBXGroup;
			children = (
				18E346A8183DF54500C9D89D /* FeatherCVTests.m */,
				18E346A3183DF54500C9D89D /* Supporting Files */,
			);
			path = FeatherCVTests;
			sourceTree = "<group>";
		};
		18E346A3183DF54500C9D89D /* Supporting Files */ = {
			isa = PBXGroup;
			children = (
				18E346A4183DF54500C9D89D /* FeatherCVTests-Info.plist */,
				18E346A5183DF54500C9D89D /* InfoPlist.strings */,
			);
			name = "Supporting Files";
			sourceTree = "<group>";
		};
		18E346B3183DF5CE00C9D89D /* Products */ = {
			isa = PBXGroup;
			children = (
				18E346B9183DF5D500C9D89D /* libGPUImage.a */,
				18E346BB183DF5D500C9D89D /* GPUImageTests.octest */,
			);
			name = Products;
			sourceTree = "<group>";
		};
/* End PBXGroup section */

/* Begin PBXNativeTarget section */
		18E34679183DF54400C9D89D /* FeatherCV */ = {
			isa = PBXNativeTarget;
			buildConfigurationList = 18E346AC183DF54500C9D89D /* Build configuration list for PBXNativeTarget "FeatherCV" */;
			buildPhases = (
				18E34676183DF54400C9D89D /* Sources */,
				18E34677183DF54400C9D89D /* Frameworks */,
				18E34678183DF54400C9D89D /* Resources */,
			);
			buildRules = (
			);
			dependencies = (
				18E346BF183DF68900C9D89D /* PBXTargetDependency */,
			);
			name = FeatherCV;
			productName = FeatherCV;
			productReference = 18E3467A183DF54400C9D89D /* FeatherCV.app */;
			productType = "com.apple.product-type.application";
		};
		18E34699183DF54500C9D89D /* FeatherCVTests */ = {
			isa = PBXNativeTarget;
			buildConfigurationList = 18E346AF183DF54500C9D89D /* Build configuration list for PBXNativeTarget "FeatherCVTests" */;
			buildPhases = (
				18E34696183DF54500C9D89D /* Sources */,
				18E34697183DF54500C9D89D /* Frameworks */,
				18E34698183DF54500C9D89D /* Resources */,
			);
			buildRules = (
			);
			dependencies = (
				18E346A1183DF54500C9D89D /* PBXTargetDependency */,
			);
			name = FeatherCVTests;
			productName = FeatherCVTests;
			productReference = 18E3469A183DF54500C9D89D /* FeatherCVTests.xctest */;
			productType = "com.apple.product-type.bundle.unit-test";
		};
/* End PBXNativeTarget section */

/* Begin PBXProject section */
		18E34672183DF54400C9D89D /* Project object */ = {
			isa = PBXProject;
			attributes = {
				CLASSPREFIX = EZ;
				LastUpgradeCheck = 0500;
				ORGANIZATIONNAME = tiange;
				TargetAttributes = {
					18E34699183DF54500C9D89D = {
						TestTargetID = 18E34679183DF54400C9D89D;
					};
				};
			};
			buildConfigurationList = 18E34675183DF54400C9D89D /* Build configuration list for PBXProject "FeatherCV" */;
			compatibilityVersion = "Xcode 3.2";
			developmentRegion = English;
			hasScannedForEncodings = 0;
			knownRegions = (
				en,
			);
			mainGroup = 18E34671183DF54400C9D89D;
			productRefGroup = 18E3467B183DF54400C9D89D /* Products */;
			projectDirPath = "";
			projectReferences = (
				{
					ProductGroup = 18E346B3183DF5CE00C9D89D /* Products */;
					ProjectRef = 18E346B2183DF5CE00C9D89D /* GPUImage.xcodeproj */;
				},
			);
			projectRoot = "";
			targets = (
				18E34679183DF54400C9D89D /* FeatherCV */,
				18E34699183DF54500C9D89D /* FeatherCVTests */,
			);
		};
/* End PBXProject section */

/* Begin PBXReferenceProxy section */
		18E346B9183DF5D500C9D89D /* libGPUImage.a */ = {
			isa = PBXReferenceProxy;
			fileType = archive.ar;
			path = libGPUImage.a;
			remoteRef = 18E346B8183DF5D500C9D89D /* PBXContainerItemProxy */;
			sourceTree = BUILT_PRODUCTS_DIR;
		};
		18E346BB183DF5D500C9D89D /* GPUImageTests.octest */ = {
			isa = PBXReferenceProxy;
			fileType = wrapper.cfbundle;
			path = GPUImageTests.octest;
			remoteRef = 18E346BA183DF5D500C9D89D /* PBXContainerItemProxy */;
			sourceTree = BUILT_PRODUCTS_DIR;
		};
/* End PBXReferenceProxy section */

/* Begin PBXResourcesBuildPhase section */
		18E34678183DF54400C9D89D /* Resources */ = {
			isa = PBXResourcesBuildPhase;
			buildActionMask = 2147483647;
			files = (
				18E3468A183DF54400C9D89D /* InfoPlist.strings in Resources */,
				18E34695183DF54400C9D89D /* Images.xcassets in Resources */,
			);
			runOnlyForDeploymentPostprocessing = 0;
		};
		18E34698183DF54500C9D89D /* Resources */ = {
			isa = PBXResourcesBuildPhase;
			buildActionMask = 2147483647;
			files = (
				18E346A7183DF54500C9D89D /* InfoPlist.strings in Resources */,
			);
			runOnlyForDeploymentPostprocessing = 0;
		};
/* End PBXResourcesBuildPhase section */

/* Begin PBXSourcesBuildPhase section */
		18E34676183DF54400C9D89D /* Sources */ = {
			isa = PBXSourcesBuildPhase;
			buildActionMask = 2147483647;
			files = (
				18E34693183DF54400C9D89D /* FeatherCV.xcdatamodeld in Sources */,
				18E3468C183DF54400C9D89D /* main.m in Sources */,
				18E34690183DF54400C9D89D /* EZAppDelegate.mm in Sources */,
			);
			runOnlyForDeploymentPostprocessing = 0;
		};
		18E34696183DF54500C9D89D /* Sources */ = {
			isa = PBXSourcesBuildPhase;
			buildActionMask = 2147483647;
			files = (
				18E346A9183DF54500C9D89D /* FeatherCVTests.m in Sources */,
			);
			runOnlyForDeploymentPostprocessing = 0;
		};
/* End PBXSourcesBuildPhase section */

/* Begin PBXTargetDependency section */
		18E346A1183DF54500C9D89D /* PBXTargetDependency */ = {
			isa = PBXTargetDependency;
			target = 18E34679183DF54400C9D89D /* FeatherCV */;
			targetProxy = 18E346A0183DF54500C9D89D /* PBXContainerItemProxy */;
		};
		18E346BF183DF68900C9D89D /* PBXTargetDependency */ = {
			isa = PBXTargetDependency;
			name = GPUImage;
			targetProxy = 18E346BE183DF68900C9D89D /* PBXContainerItemProxy */;
		};
/* End PBXTargetDependency section */

/* Begin PBXVariantGroup section */
		18E34688183DF54400C9D89D /* InfoPlist.strings */ = {
			isa = PBXVariantGroup;
			children = (
				18E34689183DF54400C9D89D /* en */,
			);
			name = InfoPlist.strings;
			sourceTree = "<group>";
		};
		18E346A5183DF54500C9D89D /* InfoPlist.strings */ = {
			isa = PBXVariantGroup;
			children = (
				18E346A6183DF54500C9D89D /* en */,
			);
			name = InfoPlist.strings;
			sourceTree = "<group>";
		};
/* End PBXVariantGroup section */

/* Begin XCBuildConfiguration section */
		18E346AA183DF54500C9D89D /* Debug */ = {
			isa = XCBuildConfiguration;
			buildSettings = {
				ALWAYS_SEARCH_USER_PATHS = NO;
				ARCHS = "$(ARCHS_STANDARD_INCLUDING_64_BIT)";
				CLANG_CXX_LANGUAGE_STANDARD = "gnu++0x";
				CLANG_CXX_LIBRARY = "libc++";
				CLANG_ENABLE_MODULES = YES;
				CLANG_ENABLE_OBJC_ARC = YES;
				CLANG_WARN_BOOL_CONVERSION = YES;
				CLANG_WARN_CONSTANT_CONVERSION = YES;
				CLANG_WARN_DIRECT_OBJC_ISA_USAGE = YES_ERROR;
				CLANG_WARN_EMPTY_BODY = YES;
				CLANG_WARN_ENUM_CONVERSION = YES;
				CLANG_WARN_INT_CONVERSION = YES;
				CLANG_WARN_OBJC_ROOT_CLASS = YES_ERROR;
				CLANG_WARN__DUPLICATE_METHOD_MATCH = YES;
				"CODE_SIGN_IDENTITY[sdk=iphoneos*]" = "iPhone Developer";
				COPY_PHASE_STRIP = NO;
				GCC_C_LANGUAGE_STANDARD = gnu99;
				GCC_DYNAMIC_NO_PIC = NO;
				GCC_OPTIMIZATION_LEVEL = 0;
				GCC_PREPROCESSOR_DEFINITIONS = (
					"DEBUG=1",
					"$(inherited)",
				);
				GCC_SYMBOLS_PRIVATE_EXTERN = NO;
				GCC_WARN_64_TO_32_BIT_CONVERSION = YES;
				GCC_WARN_ABOUT_RETURN_TYPE = YES_ERROR;
				GCC_WARN_UNDECLARED_SELECTOR = YES;
				GCC_WARN_UNINITIALIZED_AUTOS = YES;
				GCC_WARN_UNUSED_FUNCTION = YES;
				GCC_WARN_UNUSED_VARIABLE = YES;
				IPHONEOS_DEPLOYMENT_TARGET = 7.0;
				ONLY_ACTIVE_ARCH = YES;
				SDKROOT = iphoneos;
			};
			name = Debug;
		};
		18E346AB183DF54500C9D89D /* Release */ = {
			isa = XCBuildConfiguration;
			buildSettings = {
				ALWAYS_SEARCH_USER_PATHS = NO;
				ARCHS = "$(ARCHS_STANDARD_INCLUDING_64_BIT)";
				CLANG_CXX_LANGUAGE_STANDARD = "gnu++0x";
				CLANG_CXX_LIBRARY = "libc++";
				CLANG_ENABLE_MODULES = YES;
				CLANG_ENABLE_OBJC_ARC = YES;
				CLANG_WARN_BOOL_CONVERSION = YES;
				CLANG_WARN_CONSTANT_CONVERSION = YES;
				CLANG_WARN_DIRECT_OBJC_ISA_USAGE = YES_ERROR;
				CLANG_WARN_EMPTY_BODY = YES;
				CLANG_WARN_ENUM_CONVERSION = YES;
				CLANG_WARN_INT_CONVERSION = YES;
				CLANG_WARN_OBJC_ROOT_CLASS = YES_ERROR;
				CLANG_WARN__DUPLICATE_METHOD_MATCH = YES;
				"CODE_SIGN_IDENTITY[sdk=iphoneos*]" = "iPhone Developer";
				COPY_PHASE_STRIP = YES;
				ENABLE_NS_ASSERTIONS = NO;
				GCC_C_LANGUAGE_STANDARD = gnu99;
				GCC_WARN_64_TO_32_BIT_CONVERSION = YES;
				GCC_WARN_ABOUT_RETURN_TYPE = YES_ERROR;
				GCC_WARN_UNDECLARED_SELECTOR = YES;
				GCC_WARN_UNINITIALIZED_AUTOS = YES;
				GCC_WARN_UNUSED_FUNCTION = YES;
				GCC_WARN_UNUSED_VARIABLE = YES;
				IPHONEOS_DEPLOYMENT_TARGET = 7.0;
				SDKROOT = iphoneos;
				VALIDATE_PRODUCT = YES;
			};
			name = Release;
		};
		18E346AD183DF54500C9D89D /* Debug */ = {
			isa = XCBuildConfiguration;
			buildSettings = {
				ASSETCATALOG_COMPILER_APPICON_NAME = AppIcon;
				ASSETCATALOG_COMPILER_LAUNCHIMAGE_NAME = LaunchImage;
				FRAMEWORK_SEARCH_PATHS = (
					"$(inherited)",
					/Users/apple/Dropbox/FeatherCV,
				);
				GCC_PRECOMPILE_PREFIX_HEADER = YES;
				GCC_PREFIX_HEADER = "FeatherCV/FeatherCV-Prefix.pch";
				HEADER_SEARCH_PATHS = (
					"$(inherited)",
					/Applications/Xcode.app/Contents/Developer/Toolchains/XcodeDefault.xctoolchain/usr/include,
					"/Users/apple/Documents/GPUImageFeatherCV/framework/**",
				);
				INFOPLIST_FILE = "FeatherCV/FeatherCV-Info.plist";
				PRODUCT_NAME = "$(TARGET_NAME)";
				WRAPPER_EXTENSION = app;
			};
			name = Debug;
		};
		18E346AE183DF54500C9D89D /* Release */ = {
			isa = XCBuildConfiguration;
			buildSettings = {
				ASSETCATALOG_COMPILER_APPICON_NAME = AppIcon;
				ASSETCATALOG_COMPILER_LAUNCHIMAGE_NAME = LaunchImage;
				FRAMEWORK_SEARCH_PATHS = (
					"$(inherited)",
					/Users/apple/Dropbox/FeatherCV,
				);
				GCC_PRECOMPILE_PREFIX_HEADER = YES;
				GCC_PREFIX_HEADER = "FeatherCV/FeatherCV-Prefix.pch";
				HEADER_SEARCH_PATHS = (
					"$(inherited)",
					/Applications/Xcode.app/Contents/Developer/Toolchains/XcodeDefault.xctoolchain/usr/include,
					"/Users/apple/Documents/GPUImageFeatherCV/framework/**",
				);
				INFOPLIST_FILE = "FeatherCV/FeatherCV-Info.plist";
				PRODUCT_NAME = "$(TARGET_NAME)";
				WRAPPER_EXTENSION = app;
			};
			name = Release;
		};
		18E346B0183DF54500C9D89D /* Debug */ = {
			isa = XCBuildConfiguration;
			buildSettings = {
				ARCHS = "$(ARCHS_STANDARD_INCLUDING_64_BIT)";
				BUNDLE_LOADER = "$(BUILT_PRODUCTS_DIR)/FeatherCV.app/FeatherCV";
				FRAMEWORK_SEARCH_PATHS = (
					"$(SDKROOT)/Developer/Library/Frameworks",
					"$(inherited)",
					"$(DEVELOPER_FRAMEWORKS_DIR)",
				);
				GCC_PRECOMPILE_PREFIX_HEADER = YES;
				GCC_PREFIX_HEADER = "FeatherCV/FeatherCV-Prefix.pch";
				GCC_PREPROCESSOR_DEFINITIONS = (
					"DEBUG=1",
					"$(inherited)",
				);
				INFOPLIST_FILE = "FeatherCVTests/FeatherCVTests-Info.plist";
				PRODUCT_NAME = "$(TARGET_NAME)";
				TEST_HOST = "$(BUNDLE_LOADER)";
				WRAPPER_EXTENSION = xctest;
			};
			name = Debug;
		};
		18E346B1183DF54500C9D89D /* Release */ = {
			isa = XCBuildConfiguration;
			buildSettings = {
				ARCHS = "$(ARCHS_STANDARD_INCLUDING_64_BIT)";
				BUNDLE_LOADER = "$(BUILT_PRODUCTS_DIR)/FeatherCV.app/FeatherCV";
				FRAMEWORK_SEARCH_PATHS = (
					"$(SDKROOT)/Developer/Library/Frameworks",
					"$(inherited)",
					"$(DEVELOPER_FRAMEWORKS_DIR)",
				);
				GCC_PRECOMPILE_PREFIX_HEADER = YES;
				GCC_PREFIX_HEADER = "FeatherCV/FeatherCV-Prefix.pch";
				INFOPLIST_FILE = "FeatherCVTests/FeatherCVTests-Info.plist";
				PRODUCT_NAME = "$(TARGET_NAME)";
				TEST_HOST = "$(BUNDLE_LOADER)";
				WRAPPER_EXTENSION = xctest;
			};
			name = Release;
		};
/* End XCBuildConfiguration section */

/* Begin XCConfigurationList section */
		18E34675183DF54400C9D89D /* Build configuration list for PBXProject "FeatherCV" */ = {
			isa = XCConfigurationList;
			buildConfigurations = (
				18E346AA183DF54500C9D89D /* Debug */,
				18E346AB183DF54500C9D89D /* Release */,
			);
			defaultConfigurationIsVisible = 0;
			defaultConfigurationName = Release;
		};
		18E346AC183DF54500C9D89D /* Build configuration list for PBXNativeTarget "FeatherCV" */ = {
			isa = XCConfigurationList;
			buildConfigurations = (
				18E346AD183DF54500C9D89D /* Debug */,
				18E346AE183DF54500C9D89D /* Release */,
			);
			defaultConfigurationIsVisible = 0;
		};
		18E346AF183DF54500C9D89D /* Build configuration list for PBXNativeTarget "FeatherCVTests" */ = {
			isa = XCConfigurationList;
			buildConfigurations = (
				18E346B0183DF54500C9D89D /* Debug */,
				18E346B1183DF54500C9D89D /* Release */,
			);
			defaultConfigurationIsVisible = 0;
		};
/* End XCConfigurationList section */

/* Begin XCVersionGroup section */
		18E34691183DF54400C9D89D /* FeatherCV.xcdatamodeld */ = {
			isa = XCVersionGroup;
			children = (
				18E34692183DF54400C9D89D /* FeatherCV.xcdatamodel */,
			);
			currentVersion = 18E34692183DF54400C9D89D /* FeatherCV.xcdatamodel */;
			path = FeatherCV.xcdatamodeld;
			sourceTree = "<group>";
			versionGroupType = wrapper.xcdatamodel;
		};
/* End XCVersionGroup section */
	};
	rootObject = 18E34672183DF54400C9D89D /* Project object */;
}
